
Microsoft Visual Studio Solution File, Format Version 12.00
# Visual Studio Version 16
VisualStudioVersion = 16.0.31911.196
MinimumVisualStudioVersion = 10.0.40219.1
Project("{FAE04EC0-301F-11D3-BF4B-00C04F79EFBC}") = "MVCperson", "MVCperson\MVCperson.csproj", "{B0F9F296-0B04-45D0-9681-77BE382902D7}"
EndProject
Global
	GlobalSection(SolutionConfigurationPlatforms) = preSolution
		Debug|Any CPU = Debug|Any CPU
		Release|Any CPU = Release|Any CPU
	EndGlobalSection
	GlobalSection(ProjectConfigurationPlatforms) = postSolution
		{B0F9F296-0B04-45D0-9681-77BE382902D7}.Debug|Any CPU.ActiveCfg = Debug|Any CPU
		{B0F9F296-0B04-45D0-9681-77BE382902D7}.Debug|Any CPU.Build.0 = Debug|Any CPU
		{B0F9F296-0B04-45D0-9681-77BE382902D7}.Release|Any CPU.ActiveCfg = Release|Any CPU
		{B0F9F296-0B04-45D0-9681-77BE382902D7}.Release|Any CPU.Build.0 = Release|Any CPU
	EndGlobalSection
	GlobalSection(SolutionProperties) = preSolution
		HideSolutionNode = FALSE
	EndGlobalSection
	GlobalSection(ExtensibilityGlobals) = postSolution
		SolutionGuid = {B314D742-4E4C-46EA-9340-664C0CADF917}
	EndGlobalSection
EndGlobal
